
Microsoft Visual Studio Solution File, Format Version 12.00
# Visual Studio Version 17
VisualStudioVersion = 17.11.35219.272
MinimumVisualStudioVersion = 10.0.40219.1
Project("{2150E333-8FDC-42A3-9474-1A3956D46DE8}") = "src", "src", "{EFD3486A-374A-4881-8A0B-27EA6FB45F9D}"
EndProject
Project("{2150E333-8FDC-42A3-9474-1A3956D46DE8}") = "Services", "Services", "{E0C77B93-B379-49ED-8D70-216CB748348E}"
EndProject
Project("{2150E333-8FDC-42A3-9474-1A3956D46DE8}") = "AccountMangement", "AccountMangement", "{C520E7CC-2DB0-4E6D-863D-B840BF26B6DA}"
EndProject
Project("{2150E333-8FDC-42A3-9474-1A3956D46DE8}") = "01-Domain", "01-Domain", "{20A91E89-E0CC-4360-A7B6-2AA219D1952F}"
EndProject
Project("{2150E333-8FDC-42A3-9474-1A3956D46DE8}") = "02-Infrastructure", "02-Infrastructure", "{2DFAA18D-2286-4770-9900-9A4AB8F8A802}"
EndProject
Project("{9A19103F-16F7-4668-BE54-9A1E7A4F7556}") = "App.Domain.Core", "src\Services\AccountMangement\01-Domain\App.Domain.Core\App.Domain.Core.csproj", "{3B29B7C3-A112-4F0E-8564-2900C9BE48CB}"
EndProject
Project("{2150E333-8FDC-42A3-9474-1A3956D46DE8}") = "DataAccess", "DataAccess", "{4BFF2FE8-7544-416C-ABDC-5DB7E5E56AB5}"
EndProject
Project("{9A19103F-16F7-4668-BE54-9A1E7A4F7556}") = "App.Infra.DataAcess", "src\Services\AccountMangement\02-Infrastructure\DataAccess\App.Infra.DataAcess\App.Infra.DataAcess.csproj", "{AEAD9904-61FF-466F-80A5-77958D94F990}"
EndProject
Project("{9A19103F-16F7-4668-BE54-9A1E7A4F7556}") = "Accounting", "src\Services\AccountMangement\accounting\Accounting.csproj", "{B1BAD1DB-26A1-4BA7-8800-B055102D6304}"
EndProject
Project("{2150E333-8FDC-42A3-9474-1A3956D46DE8}") = "DataBase", "DataBase", "{C69C21AF-3810-403D-A4A8-4F6F6CC5C2E5}"
EndProject
Project("{FAE04EC0-301F-11D3-BF4B-00C04F79EFBC}") = "App.Infra.DataBase", "src\Services\AccountMangement\02-Infrastructure\DataBase\App.Infra.DataBase\App.Infra.DataBase.csproj", "{2C234809-7E1A-4A77-8D8D-C2DF4194AEF7}"
EndProject
Project("{E53339B2-1760-4266-BCC7-CA923CBCF16C}") = "docker-compose", "docker-compose.dcproj", "{48F2CC41-65B6-489E-853A-CD12F933426B}"
EndProject
Global
	GlobalSection(SolutionConfigurationPlatforms) = preSolution
		Debug|Any CPU = Debug|Any CPU
		Release|Any CPU = Release|Any CPU
	EndGlobalSection
	GlobalSection(ProjectConfigurationPlatforms) = postSolution
		{3B29B7C3-A112-4F0E-8564-2900C9BE48CB}.Debug|Any CPU.ActiveCfg = Debug|Any CPU
		{3B29B7C3-A112-4F0E-8564-2900C9BE48CB}.Debug|Any CPU.Build.0 = Debug|Any CPU
		{3B29B7C3-A112-4F0E-8564-2900C9BE48CB}.Release|Any CPU.ActiveCfg = Release|Any CPU
		{3B29B7C3-A112-4F0E-8564-2900C9BE48CB}.Release|Any CPU.Build.0 = Release|Any CPU
		{AEAD9904-61FF-466F-80A5-77958D94F990}.Debug|Any CPU.ActiveCfg = Debug|Any CPU
		{AEAD9904-61FF-466F-80A5-77958D94F990}.Debug|Any CPU.Build.0 = Debug|Any CPU
		{AEAD9904-61FF-466F-80A5-77958D94F990}.Release|Any CPU.ActiveCfg = Release|Any CPU
		{AEAD9904-61FF-466F-80A5-77958D94F990}.Release|Any CPU.Build.0 = Release|Any CPU
		{B1BAD1DB-26A1-4BA7-8800-B055102D6304}.Debug|Any CPU.ActiveCfg = Debug|Any CPU
		{B1BAD1DB-26A1-4BA7-8800-B055102D6304}.Debug|Any CPU.Build.0 = Debug|Any CPU
		{B1BAD1DB-26A1-4BA7-8800-B055102D6304}.Release|Any CPU.ActiveCfg = Release|Any CPU
		{B1BAD1DB-26A1-4BA7-8800-B055102D6304}.Release|Any CPU.Build.0 = Release|Any CPU
		{2C234809-7E1A-4A77-8D8D-C2DF4194AEF7}.Debug|Any CPU.ActiveCfg = Debug|Any CPU
		{2C234809-7E1A-4A77-8D8D-C2DF4194AEF7}.Debug|Any CPU.Build.0 = Debug|Any CPU
		{2C234809-7E1A-4A77-8D8D-C2DF4194AEF7}.Release|Any CPU.ActiveCfg = Release|Any CPU
		{2C234809-7E1A-4A77-8D8D-C2DF4194AEF7}.Release|Any CPU.Build.0 = Release|Any CPU
		{48F2CC41-65B6-489E-853A-CD12F933426B}.Debug|Any CPU.ActiveCfg = Debug|Any CPU
		{48F2CC41-65B6-489E-853A-CD12F933426B}.Debug|Any CPU.Build.0 = Debug|Any CPU
		{48F2CC41-65B6-489E-853A-CD12F933426B}.Release|Any CPU.ActiveCfg = Release|Any CPU
		{48F2CC41-65B6-489E-853A-CD12F933426B}.Release|Any CPU.Build.0 = Release|Any CPU
	EndGlobalSection
	GlobalSection(SolutionProperties) = preSolution
		HideSolutionNode = FALSE
	EndGlobalSection
	GlobalSection(NestedProjects) = preSolution
		{E0C77B93-B379-49ED-8D70-216CB748348E} = {EFD3486A-374A-4881-8A0B-27EA6FB45F9D}
		{C520E7CC-2DB0-4E6D-863D-B840BF26B6DA} = {E0C77B93-B379-49ED-8D70-216CB748348E}
		{20A91E89-E0CC-4360-A7B6-2AA219D1952F} = {C520E7CC-2DB0-4E6D-863D-B840BF26B6DA}
		{2DFAA18D-2286-4770-9900-9A4AB8F8A802} = {C520E7CC-2DB0-4E6D-863D-B840BF26B6DA}
		{3B29B7C3-A112-4F0E-8564-2900C9BE48CB} = {20A91E89-E0CC-4360-A7B6-2AA219D1952F}
		{4BFF2FE8-7544-416C-ABDC-5DB7E5E56AB5} = {2DFAA18D-2286-4770-9900-9A4AB8F8A802}
		{AEAD9904-61FF-466F-80A5-77958D94F990} = {4BFF2FE8-7544-416C-ABDC-5DB7E5E56AB5}
		{B1BAD1DB-26A1-4BA7-8800-B055102D6304} = {C520E7CC-2DB0-4E6D-863D-B840BF26B6DA}
		{C69C21AF-3810-403D-A4A8-4F6F6CC5C2E5} = {2DFAA18D-2286-4770-9900-9A4AB8F8A802}
		{2C234809-7E1A-4A77-8D8D-C2DF4194AEF7} = {C69C21AF-3810-403D-A4A8-4F6F6CC5C2E5}
	EndGlobalSection
	GlobalSection(ExtensibilityGlobals) = postSolution
		SolutionGuid = {845706BF-8BA0-45C0-BBD5-112751ED13DF}
	EndGlobalSection
EndGlobal
